
Microsoft Visual Studio Solution File, Format Version 12.00
# Visual Studio Version 16
VisualStudioVersion = 16.0.30114.105
MinimumVisualStudioVersion = 10.0.40219.1
Project("{9A19103F-16F7-4668-BE54-9A1E7A4F7556}") = "DogMatch.Server", "DogMatch\Server\DogMatch.Server.csproj", "{7AA3E33F-A2A8-42D3-ADF6-9FA6D45B836E}"
EndProject
Project("{9A19103F-16F7-4668-BE54-9A1E7A4F7556}") = "DogMatch.Client", "DogMatch\Client\DogMatch.Client.csproj", "{01720A25-C35E-4262-ABD7-CEE1A73F01BF}"
EndProject
Project("{9A19103F-16F7-4668-BE54-9A1E7A4F7556}") = "DogMatch.Shared", "DogMatch\Shared\DogMatch.Shared.csproj", "{A3E8487D-94A0-4C9C-8DB8-9BD36494D9D4}"
EndProject
Global
	GlobalSection(SolutionConfigurationPlatforms) = preSolution
		Debug|Any CPU = Debug|Any CPU
		Release|Any CPU = Release|Any CPU
	EndGlobalSection
	GlobalSection(ProjectConfigurationPlatforms) = postSolution
		{7AA3E33F-A2A8-42D3-ADF6-9FA6D45B836E}.Debug|Any CPU.ActiveCfg = Debug|Any CPU
		{7AA3E33F-A2A8-42D3-ADF6-9FA6D45B836E}.Debug|Any CPU.Build.0 = Debug|Any CPU
		{7AA3E33F-A2A8-42D3-ADF6-9FA6D45B836E}.Release|Any CPU.ActiveCfg = Release|Any CPU
		{7AA3E33F-A2A8-42D3-ADF6-9FA6D45B836E}.Release|Any CPU.Build.0 = Release|Any CPU
		{01720A25-C35E-4262-ABD7-CEE1A73F01BF}.Debug|Any CPU.ActiveCfg = Debug|Any CPU
		{01720A25-C35E-4262-ABD7-CEE1A73F01BF}.Debug|Any CPU.Build.0 = Debug|Any CPU
		{01720A25-C35E-4262-ABD7-CEE1A73F01BF}.Release|Any CPU.ActiveCfg = Release|Any CPU
		{01720A25-C35E-4262-ABD7-CEE1A73F01BF}.Release|Any CPU.Build.0 = Release|Any CPU
		{A3E8487D-94A0-4C9C-8DB8-9BD36494D9D4}.Debug|Any CPU.ActiveCfg = Debug|Any CPU
		{A3E8487D-94A0-4C9C-8DB8-9BD36494D9D4}.Debug|Any CPU.Build.0 = Debug|Any CPU
		{A3E8487D-94A0-4C9C-8DB8-9BD36494D9D4}.Release|Any CPU.ActiveCfg = Release|Any CPU
		{A3E8487D-94A0-4C9C-8DB8-9BD36494D9D4}.Release|Any CPU.Build.0 = Release|Any CPU
	EndGlobalSection
	GlobalSection(SolutionProperties) = preSolution
		HideSolutionNode = FALSE
	EndGlobalSection
	GlobalSection(ExtensibilityGlobals) = postSolution
		SolutionGuid = {2A902BD8-A575-4AC3-95D0-09D9B52DA75D}
	EndGlobalSection
EndGlobal
